{
    "version": "0.5",
    "requires": [
        "zlib/1.3.1#f52e03ae3d251dec704634230cd806a2%1708593606.497",
        "tl-optional/1.1.0#56b8a97dadc88472bb64b5c50e130482%1689200635.849",
        "tl-expected/1.2.0#c30a2cd4e44fb474a1762e8679749a3e%1752825942.479",
        "pybind11/2.13.6#42746850cd4c68d1b1ea42de456c2182%1755673714.548",
        "nv-cccl/3.2.0-dev#134d1c2c00f5edc1c94defbb44417af2%1757065372.4568481",
        "ms-gsl/4.0.0#60ed7b1ae7ff8fbfe0bf9a1c1f0443a8%1700512686.639",
        "mdspan/0.6.0#dca4d128785d9db0586bc3a9e8b14531%1681900734.185",
        "libbacktrace/cci.20210118#ec1aa63bbc10145c6a299e68e711670c%1676205469.545",
        "half/2.2.0#0ed6921970e1539c04d9873954a59bae%1701248911.417",
        "gtest/1.13.0#95e69a512a85be0fff52a1f0ea8b930a%1715096214.407",
        "fmt/11.2.0#579bb2cdf4a7607621beea4eb4651e0f%1746298708.362",
        "dlpack/1.0#489bb9f63206ed8a3445c1b987772ad3%1727089508.911",
        "bzip2/1.0.8#457c272f7da34cb9c67456dd217d36c4%1703591832.799",
        "boost/1.86.0#ce76e7477e466d7d8cbcf738c5d64175%1736197454.755"
    ],
    "build_requires": [
        "cmake/3.31.8#dde3bde00bb843687e55aea5afa0e220%1751628300.59",
        "b2/5.2.1#91bc73931a0acb655947a81569ed8b80%1718416612.241"
    ],
    "python_requires": [
        "conan_cuda/1.0.0#2741751b4926bf9558d504816378d61f%1757063689.8539937"
    ],
    "config_requires": []
}